{
  "version": 4,
  "terraform_version": "0.12.18",
  "serial": 196,
  "lineage": "9b0e8cac-42a0-489d-e93b-5755bea8f77f",
  "outputs": {},
  "resources": [
    {
      "mode": "managed",
      "type": "aws_eip",
      "name": "nat",
      "provider": "provider.aws",
      "instances": [
        {
          "schema_version": 0,
          "attributes": {
            "allocation_id": null,
            "associate_with_private_ip": null,
            "association_id": "",
            "carrier_ip": "",
            "customer_owned_ip": "",
            "customer_owned_ipv4_pool": "",
            "domain": "vpc",
            "id": "eipalloc-0ed1da8bc750cc23e",
            "instance": "",
            "network_border_group": "us-west-1",
            "network_interface": "",
            "private_dns": null,
            "private_ip": "",
            "public_dns": "ec2-204-236-133-102.us-west-1.compute.amazonaws.com",
            "public_ip": "204.236.133.102",
            "public_ipv4_pool": "amazon",
            "tags": null,
            "timeouts": null,
            "vpc": true
          },
          "private": "eyJlMmJmYjczMC1lY2FhLTExZTYtOGY4OC0zNDM2M2JjN2M0YzAiOnsiZGVsZXRlIjoxODAwMDAwMDAwMDAsInJlYWQiOjkwMDAwMDAwMDAwMCwidXBkYXRlIjozMDAwMDAwMDAwMDB9fQ=="
        }
      ]
    },
    {
      "mode": "managed",
      "type": "aws_eks_cluster",
      "name": "osos-cluster",
      "provider": "provider.aws",
      "instances": [
        {
          "schema_version": 0,
          "attributes": {
            "arn": "arn:aws:eks:us-west-1:838207118309:cluster/osos-eks-cluster",
            "certificate_authority": [
              {
                "data": "LS0tLS1CRUdJTiBDRVJUSUZJQ0FURS0tLS0tCk1JSUMvakNDQWVhZ0F3SUJBZ0lCQURBTkJna3Foa2lHOXcwQkFRc0ZBREFWTVJNd0VRWURWUVFERXdwcmRXSmwKY201bGRHVnpNQjRYRFRJek1ESXlOREU0TkRNek5Gb1hEVE16TURJeU1URTRORE16TkZvd0ZURVRNQkVHQTFVRQpBeE1LYTNWaVpYSnVaWFJsY3pDQ0FTSXdEUVlKS29aSWh2Y05BUUVCQlFBRGdnRVBBRENDQVFvQ2dnRUJBTmZMCmw3eUNybFBSOGdRL0xuQmc1SXlzQitOaTA2Z2JZS1hIUUQvbWVLd0xPQnRRb1NBN0tWa0w2NERPMG1FU1BUYnIKcFdxRGl1QldYaWdLSklsUjgrMjB6WWFLVHRjSWIxUlNYbVRzVW9Cb2FMUjZPcDRSV3EwMC8yK2hqckN4Q1A3aApMWElCZGF3aWprL2FUV2ZPdk1kSDlGeGpNdTY0NUdaS3RvT09vK2ZONkJDcVZOUFhMZkg4Z1B5YzNoZFB4eWh4CjhKelErM1lSUnBzYmh6U2hvZkZWMXZCYlJxaWZJd2tNcUx0bnFyYWlweWFjcC94YW94LzBqQW1Rd3VjVGMramEKSDV1eDVFU0d4RERpKzdHdFhWWTRjRXl5eks4bmRhTHA2aS9IM2FmdklTMDZhYVByWUNDVEppNElsYndvWFpHOQpWeklrVVkyaEhRQ1J3cFRPZmJNQ0F3RUFBYU5aTUZjd0RnWURWUjBQQVFIL0JBUURBZ0trTUE4R0ExVWRFd0VCCi93UUZNQU1CQWY4d0hRWURWUjBPQkJZRUZMZERHckFPSHVNSXdFQnRzTDBkcnlIME9WQU1NQlVHQTFVZEVRUU8KTUF5Q0NtdDFZbVZ5Ym1WMFpYTXdEUVlKS29aSWh2Y05BUUVMQlFBRGdnRUJBSDdMSEpCU2tjUnMxKzRIVUMzbQo0SzExSXVmQ25tcElRQXk2Rll3MTVtSlBGcUppSmNFTVlpNVNUVFdxUFhZUXZSbG0wVGt4MGhrSFNsQUFvcUtZCjRtVi9nRzBCekJCNWhERlZ3cE1TNnBhenNUUDExamRDSzUvUUcvQVlCOE90dEZqQ2JwRlh1Qy9BRHlxZjlGa2YKcDgrOEZFNWQrL0RvR3V4RjdqL2Zic1RKUWc5OFJXVDBhVk1lcE1nN3lQWG83Y2dySjlqemZOT0JoVFd3ZnhaUQo2UkNDSktaNnNpRWxtQnJiWDJ2dkpQdHJLMGJvUHlTV1ljVWI3MjdlWVVQT1VSdDBFVnV5MjdCNFNYOWhzTit4ClZzak9vNFA2bisrNnJyNGR1MmJQakR5RzMvWHIxUWhPNXNPd25JOU9rNlp4bmZhR0RWZFdUL3MrNXZLNmk3Z3oKVnk4PQotLS0tLUVORCBDRVJUSUZJQ0FURS0tLS0tCg=="
              }
            ],
            "created_at": "2023-02-24 18:38:36.893 +0000 UTC",
            "enabled_cluster_log_types": null,
            "encryption_config": [],
            "endpoint": "https://60C19F49EE8CF13EF0842958C7541087.sk1.us-west-1.eks.amazonaws.com",
            "id": "osos-eks-cluster",
            "identity": [
              {
                "oidc": [
                  {
                    "issuer": "https://oidc.eks.us-west-1.amazonaws.com/id/60C19F49EE8CF13EF0842958C7541087"
                  }
                ]
              }
            ],
            "kubernetes_network_config": [
              {
                "service_ipv4_cidr": "172.20.0.0/16"
              }
            ],
            "name": "osos-eks-cluster",
            "platform_version": "eks.4",
            "role_arn": "arn:aws:iam::838207118309:role/eks_cluster",
            "status": "ACTIVE",
            "tags": null,
            "timeouts": null,
            "version": "1.24",
            "vpc_config": [
              {
                "cluster_security_group_id": "sg-0cdb7dc157db974de",
                "endpoint_private_access": true,
                "endpoint_public_access": true,
                "public_access_cidrs": [
                  "0.0.0.0/0"
                ],
                "security_group_ids": [
                  "sg-05785f53825d2da78"
                ],
                "subnet_ids": [
                  "subnet-012a465587ba9ddc7",
                  "subnet-01ef1eb919e244c2e",
                  "subnet-060737cd8d4cbc25d"
                ],
                "vpc_id": "vpc-0110ccb60ca2d0a46"
              }
            ]
          },
          "private": "eyJlMmJmYjczMC1lY2FhLTExZTYtOGY4OC0zNDM2M2JjN2M0YzAiOnsiY3JlYXRlIjoxODAwMDAwMDAwMDAwLCJkZWxldGUiOjkwMDAwMDAwMDAwMCwidXBkYXRlIjozNjAwMDAwMDAwMDAwfX0=",
          "dependencies": [
            "aws_iam_role.eks_cluster",
            "aws_security_group.eks",
            "aws_subnet.osos-pub1",
            "aws_subnet.osos-pub2",
            "aws_subnet.osos-pv1",
            "aws_vpc.osos-vpc"
          ]
        }
      ]
    },
    {
      "mode": "managed",
      "type": "aws_eks_node_group",
      "name": "osos-ng",
      "provider": "provider.aws",
      "instances": [
        {
          "schema_version": 0,
          "attributes": {
            "ami_type": "AL2_x86_64",
            "arn": "arn:aws:eks:us-west-1:838207118309:nodegroup/osos-eks-cluster/osos-node-group/48c34260-60e7-fcce-8f28-4893fc935e24",
            "capacity_type": "ON_DEMAND",
            "cluster_name": "osos-eks-cluster",
            "disk_size": 20,
            "force_update_version": null,
            "id": "osos-eks-cluster:osos-node-group",
            "instance_types": [
              "t2.medium"
            ],
            "labels": null,
            "launch_template": [],
            "node_group_name": "osos-node-group",
            "node_role_arn": "arn:aws:iam::838207118309:role/example-eks-node",
            "release_version": "1.24.10-20230217",
            "remote_access": [
              {
                "ec2_ssh_key": "nagato",
                "source_security_group_ids": null
              }
            ],
            "resources": [
              {
                "autoscaling_groups": [
                  {
                    "name": "eks-osos-node-group-48c34260-60e7-fcce-8f28-4893fc935e24"
                  }
                ],
                "remote_access_security_group_id": "sg-0be7f0365d9c8e220"
              }
            ],
            "scaling_config": [
              {
                "desired_size": 1,
                "max_size": 2,
                "min_size": 1
              }
            ],
            "status": "ACTIVE",
            "subnet_ids": [
              "subnet-01ef1eb919e244c2e",
              "subnet-0719c70b7c5552d0a"
            ],
            "tags": null,
            "timeouts": null,
            "version": "1.24"
          },
          "private": "eyJlMmJmYjczMC1lY2FhLTExZTYtOGY4OC0zNDM2M2JjN2M0YzAiOnsiY3JlYXRlIjozNjAwMDAwMDAwMDAwLCJkZWxldGUiOjM2MDAwMDAwMDAwMDAsInVwZGF0ZSI6MzYwMDAwMDAwMDAwMH19",
          "dependencies": [
            "aws_eks_cluster.osos-cluster",
            "aws_iam_role.eks_cluster",
            "aws_iam_role.osos-node",
            "aws_security_group.eks",
            "aws_subnet.osos-pub1",
            "aws_subnet.osos-pub2",
            "aws_subnet.osos-pv1",
            "aws_subnet.osos-pv2",
            "aws_vpc.osos-vpc"
          ]
        }
      ]
    },
    {
      "mode": "managed",
      "type": "aws_iam_instance_profile",
      "name": "my_instance_profile1",
      "provider": "provider.aws",
      "instances": [
        {
          "schema_version": 0,
          "attributes": {
            "arn": "arn:aws:iam::838207118309:instance-profile/my-ec2-instance-profile1",
            "create_date": "2023-02-24T18:38:21Z",
            "id": "my-ec2-instance-profile1",
            "name": "my-ec2-instance-profile1",
            "name_prefix": null,
            "path": "/",
            "role": "example-eks-node",
            "tags": null,
            "unique_id": "AIPA4GKIJTPSY7G6NLNQO"
          },
          "private": "bnVsbA==",
          "dependencies": [
            "aws_iam_role.osos-node"
          ]
        }
      ]
    },
    {
      "mode": "managed",
      "type": "aws_iam_role",
      "name": "eks_cluster",
      "provider": "provider.aws",
      "instances": [
        {
          "schema_version": 0,
          "attributes": {
            "arn": "arn:aws:iam::838207118309:role/eks_cluster",
            "assume_role_policy": "{\"Version\":\"2012-10-17\",\"Statement\":[{\"Effect\":\"Allow\",\"Principal\":{\"Service\":\"eks.amazonaws.com\"},\"Action\":\"sts:AssumeRole\"}]}",
            "create_date": "2023-02-24T18:38:15Z",
            "description": "",
            "force_detach_policies": false,
            "id": "eks_cluster",
            "inline_policy": [
              {
                "name": "",
                "policy": ""
              }
            ],
            "managed_policy_arns": [],
            "max_session_duration": 3600,
            "name": "eks_cluster",
            "name_prefix": null,
            "path": "/",
            "permissions_boundary": null,
            "tags": null,
            "unique_id": "AROA4GKIJTPSRYVNNOIPE"
          },
          "private": "bnVsbA=="
        }
      ]
    },
    {
      "mode": "managed",
      "type": "aws_iam_role",
      "name": "osos-node",
      "provider": "provider.aws",
      "instances": [
        {
          "schema_version": 0,
          "attributes": {
            "arn": "arn:aws:iam::838207118309:role/example-eks-node",
            "assume_role_policy": "{\"Version\":\"2012-10-17\",\"Statement\":[{\"Effect\":\"Allow\",\"Principal\":{\"Service\":\"ec2.amazonaws.com\"},\"Action\":\"sts:AssumeRole\"}]}",
            "create_date": "2023-02-24T18:38:15Z",
            "description": "",
            "force_detach_policies": false,
            "id": "example-eks-node",
            "inline_policy": [
              {
                "name": "",
                "policy": ""
              }
            ],
            "managed_policy_arns": [],
            "max_session_duration": 3600,
            "name": "example-eks-node",
            "name_prefix": null,
            "path": "/",
            "permissions_boundary": null,
            "tags": null,
            "unique_id": "AROA4GKIJTPS3AB6YZ7FP"
          },
          "private": "bnVsbA=="
        }
      ]
    },
    {
      "mode": "managed",
      "type": "aws_iam_role_policy_attachment",
      "name": "AmazonEKSWorkerNodePolicy",
      "provider": "provider.aws",
      "instances": [
        {
          "schema_version": 0,
          "attributes": {
            "id": "example-eks-node-20230224183824216800000006",
            "policy_arn": "arn:aws:iam::aws:policy/AmazonEKSWorkerNodePolicy",
            "role": "example-eks-node"
          },
          "private": "bnVsbA==",
          "dependencies": [
            "aws_iam_role.osos-node"
          ]
        }
      ]
    },
    {
      "mode": "managed",
      "type": "aws_iam_role_policy_attachment",
      "name": "EC2InstanceProfileForImageBuilderECRContainerBuilds",
      "provider": "provider.aws",
      "instances": [
        {
          "schema_version": 0,
          "attributes": {
            "id": "example-eks-node-20230224183823392000000005",
            "policy_arn": "arn:aws:iam::aws:policy/EC2InstanceProfileForImageBuilderECRContainerBuilds",
            "role": "example-eks-node"
          },
          "private": "bnVsbA==",
          "dependencies": [
            "aws_iam_role.osos-node"
          ]
        }
      ]
    },
    {
      "mode": "managed",
      "type": "aws_iam_role_policy_attachment",
      "name": "ec2_container_registry_read_only",
      "provider": "provider.aws",
      "instances": [
        {
          "schema_version": 0,
          "attributes": {
            "id": "example-eks-node-20230224183822708400000001",
            "policy_arn": "arn:aws:iam::aws:policy/AmazonEC2ContainerRegistryReadOnly",
            "role": "example-eks-node"
          },
          "private": "bnVsbA==",
          "dependencies": [
            "aws_iam_role.osos-node"
          ]
        }
      ]
    },
    {
      "mode": "managed",
      "type": "aws_iam_role_policy_attachment",
      "name": "eks_cluster",
      "provider": "provider.aws",
      "instances": [
        {
          "schema_version": 0,
          "attributes": {
            "id": "eks_cluster-20230224183822935300000004",
            "policy_arn": "arn:aws:iam::aws:policy/AmazonEKSClusterPolicy",
            "role": "eks_cluster"
          },
          "private": "bnVsbA==",
          "dependencies": [
            "aws_iam_role.eks_cluster"
          ]
        }
      ]
    },
    {
      "mode": "managed",
      "type": "aws_iam_role_policy_attachment",
      "name": "eks_cluster2",
      "provider": "provider.aws",
      "instances": [
        {
          "schema_version": 0,
          "attributes": {
            "id": "eks_cluster-20230224183824720800000007",
            "policy_arn": "arn:aws:iam::aws:policy/AmazonEKSVPCResourceController",
            "role": "eks_cluster"
          },
          "private": "bnVsbA==",
          "dependencies": [
            "aws_iam_role.eks_cluster"
          ]
        }
      ]
    },
    {
      "mode": "managed",
      "type": "aws_iam_role_policy_attachment",
      "name": "eks_cni",
      "provider": "provider.aws",
      "instances": [
        {
          "schema_version": 0,
          "attributes": {
            "id": "example-eks-node-20230224183822888700000003",
            "policy_arn": "arn:aws:iam::aws:policy/AmazonEKS_CNI_Policy",
            "role": "example-eks-node"
          },
          "private": "bnVsbA==",
          "dependencies": [
            "aws_iam_role.osos-node"
          ]
        }
      ]
    },
    {
      "mode": "managed",
      "type": "aws_iam_role_policy_attachment",
      "name": "eks_node",
      "provider": "provider.aws",
      "instances": [
        {
          "schema_version": 0,
          "attributes": {
            "id": "example-eks-node-20230224183822747100000002",
            "policy_arn": "arn:aws:iam::aws:policy/AmazonEKSWorkerNodePolicy",
            "role": "example-eks-node"
          },
          "private": "bnVsbA==",
          "dependencies": [
            "aws_iam_role.osos-node"
          ]
        }
      ]
    },
    {
      "mode": "managed",
      "type": "aws_instance",
      "name": "bastion",
      "provider": "provider.aws",
      "instances": [
        {
          "schema_version": 1,
          "attributes": {
            "ami": "ami-0d50e5e845c552faf",
            "arn": "arn:aws:ec2:us-west-1:838207118309:instance/i-06572e135e9a1ddcf",
            "associate_public_ip_address": true,
            "availability_zone": "us-west-1a",
            "cpu_core_count": 1,
            "cpu_threads_per_core": 1,
            "credit_specification": [
              {
                "cpu_credits": "standard"
              }
            ],
            "disable_api_termination": false,
            "ebs_block_device": [],
            "ebs_optimized": false,
            "enclave_options": [
              {
                "enabled": false
              }
            ],
            "ephemeral_block_device": [],
            "get_password_data": false,
            "hibernation": false,
            "host_id": null,
            "iam_instance_profile": "my-ec2-instance-profile1",
            "id": "i-06572e135e9a1ddcf",
            "instance_initiated_shutdown_behavior": null,
            "instance_state": "running",
            "instance_type": "t2.small",
            "ipv6_address_count": 0,
            "ipv6_addresses": [],
            "key_name": "nagato",
            "metadata_options": [
              {
                "http_endpoint": "enabled",
                "http_put_response_hop_limit": 1,
                "http_tokens": "optional"
              }
            ],
            "monitoring": false,
            "network_interface": [],
            "outpost_arn": "",
            "password_data": "",
            "placement_group": "",
            "primary_network_interface_id": "eni-0a379ea6b8a27735e",
            "private_dns": "ip-10-0-0-119.us-west-1.compute.internal",
            "private_ip": "10.0.0.119",
            "public_dns": "",
            "public_ip": "54.176.84.206",
            "root_block_device": [
              {
                "delete_on_termination": true,
                "device_name": "/dev/sda1",
                "encrypted": false,
                "iops": 100,
                "kms_key_id": "",
                "tags": {},
                "throughput": 0,
                "volume_id": "vol-015e1c1ba7128849e",
                "volume_size": 8,
                "volume_type": "gp2"
              }
            ],
            "secondary_private_ips": [],
            "security_groups": [],
            "source_dest_check": true,
            "subnet_id": "subnet-060737cd8d4cbc25d",
            "tags": {
              "Name": "jumphost"
            },
            "tenancy": "default",
            "timeouts": null,
            "user_data": null,
            "user_data_base64": null,
            "volume_tags": null,
            "vpc_security_group_ids": [
              "sg-05785f53825d2da78"
            ]
          },
          "private": "eyJlMmJmYjczMC1lY2FhLTExZTYtOGY4OC0zNDM2M2JjN2M0YzAiOnsiY3JlYXRlIjo2MDAwMDAwMDAwMDAsImRlbGV0ZSI6MTIwMDAwMDAwMDAwMCwidXBkYXRlIjo2MDAwMDAwMDAwMDB9LCJzY2hlbWFfdmVyc2lvbiI6IjEifQ==",
          "dependencies": [
            "aws_iam_instance_profile.my_instance_profile1",
            "aws_iam_role.osos-node",
            "aws_security_group.eks",
            "aws_subnet.osos-pub1",
            "aws_vpc.osos-vpc"
          ]
        }
      ]
    },
    {
      "mode": "managed",
      "type": "aws_internet_gateway",
      "name": "os-gw",
      "provider": "provider.aws",
      "instances": [
        {
          "schema_version": 0,
          "attributes": {
            "arn": "arn:aws:ec2:us-west-1:838207118309:internet-gateway/igw-029d52d7cb80c2cfa",
            "id": "igw-029d52d7cb80c2cfa",
            "owner_id": "838207118309",
            "tags": {
              "Name": "eks-gw"
            },
            "vpc_id": "vpc-0110ccb60ca2d0a46"
          },
          "dependencies": [
            "aws_vpc.osos-vpc"
          ]
        }
      ]
    },
    {
      "mode": "managed",
      "type": "aws_nat_gateway",
      "name": "nat",
      "provider": "provider.aws",
      "instances": [
        {
          "schema_version": 0,
          "attributes": {
            "allocation_id": "eipalloc-0ed1da8bc750cc23e",
            "id": "nat-0afc4dd074fc0d253",
            "network_interface_id": "eni-081d127383f188d1f",
            "private_ip": "10.0.0.148",
            "public_ip": "204.236.133.102",
            "subnet_id": "subnet-060737cd8d4cbc25d",
            "tags": {
              "Name": "eks--nat-gw"
            }
          },
          "private": "bnVsbA==",
          "dependencies": [
            "aws_eip.nat",
            "aws_subnet.osos-pub1"
          ]
        }
      ]
    },
    {
      "mode": "managed",
      "type": "aws_route_table",
      "name": "private",
      "provider": "provider.aws",
      "instances": [
        {
          "schema_version": 0,
          "attributes": {
            "arn": "arn:aws:ec2:us-west-1:838207118309:route-table/rtb-055c4f53ec25a716e",
            "id": "rtb-055c4f53ec25a716e",
            "owner_id": "838207118309",
            "propagating_vgws": [],
            "route": [
              {
                "carrier_gateway_id": "",
                "cidr_block": "0.0.0.0/0",
                "destination_prefix_list_id": "",
                "egress_only_gateway_id": "",
                "gateway_id": "nat-0afc4dd074fc0d253",
                "instance_id": "",
                "ipv6_cidr_block": "",
                "local_gateway_id": "",
                "nat_gateway_id": "",
                "network_interface_id": "",
                "transit_gateway_id": "",
                "vpc_endpoint_id": "",
                "vpc_peering_connection_id": ""
              }
            ],
            "tags": {
              "Name": "osos-rw-private"
            },
            "vpc_id": "vpc-0110ccb60ca2d0a46"
          },
          "private": "bnVsbA==",
          "dependencies": [
            "aws_eip.nat",
            "aws_nat_gateway.nat",
            "aws_subnet.osos-pub1",
            "aws_vpc.osos-vpc"
          ]
        }
      ]
    },
    {
      "mode": "managed",
      "type": "aws_route_table",
      "name": "public",
      "provider": "provider.aws",
      "instances": [
        {
          "schema_version": 0,
          "attributes": {
            "arn": "arn:aws:ec2:us-west-1:838207118309:route-table/rtb-0652d27ae70ecef8b",
            "id": "rtb-0652d27ae70ecef8b",
            "owner_id": "838207118309",
            "propagating_vgws": [],
            "route": [
              {
                "carrier_gateway_id": "",
                "cidr_block": "0.0.0.0/0",
                "destination_prefix_list_id": "",
                "egress_only_gateway_id": "",
                "gateway_id": "igw-029d52d7cb80c2cfa",
                "instance_id": "",
                "ipv6_cidr_block": "",
                "local_gateway_id": "",
                "nat_gateway_id": "",
                "network_interface_id": "",
                "transit_gateway_id": "",
                "vpc_endpoint_id": "",
                "vpc_peering_connection_id": ""
              }
            ],
            "tags": {
              "Name": "osos-rw"
            },
            "vpc_id": "vpc-0110ccb60ca2d0a46"
          },
          "private": "bnVsbA==",
          "dependencies": [
            "aws_internet_gateway.os-gw",
            "aws_vpc.osos-vpc"
          ]
        }
      ]
    },
    {
      "mode": "managed",
      "type": "aws_route_table_association",
      "name": "pub1",
      "provider": "provider.aws",
      "instances": [
        {
          "schema_version": 0,
          "attributes": {
            "gateway_id": null,
            "id": "rtbassoc-0d6afea00809cf25b",
            "route_table_id": "rtb-0652d27ae70ecef8b",
            "subnet_id": "subnet-060737cd8d4cbc25d"
          },
          "private": "bnVsbA==",
          "dependencies": [
            "aws_internet_gateway.os-gw",
            "aws_route_table.public",
            "aws_subnet.osos-pub1",
            "aws_vpc.osos-vpc"
          ]
        }
      ]
    },
    {
      "mode": "managed",
      "type": "aws_route_table_association",
      "name": "pub2",
      "provider": "provider.aws",
      "instances": [
        {
          "schema_version": 0,
          "attributes": {
            "gateway_id": null,
            "id": "rtbassoc-002cf675baf75261d",
            "route_table_id": "rtb-0652d27ae70ecef8b",
            "subnet_id": "subnet-012a465587ba9ddc7"
          },
          "private": "bnVsbA==",
          "dependencies": [
            "aws_internet_gateway.os-gw",
            "aws_route_table.public",
            "aws_subnet.osos-pub2",
            "aws_vpc.osos-vpc"
          ]
        }
      ]
    },
    {
      "mode": "managed",
      "type": "aws_route_table_association",
      "name": "pv1",
      "provider": "provider.aws",
      "instances": [
        {
          "schema_version": 0,
          "attributes": {
            "gateway_id": null,
            "id": "rtbassoc-01b837882e51dd726",
            "route_table_id": "rtb-055c4f53ec25a716e",
            "subnet_id": "subnet-01ef1eb919e244c2e"
          },
          "private": "bnVsbA==",
          "dependencies": [
            "aws_eip.nat",
            "aws_nat_gateway.nat",
            "aws_route_table.private",
            "aws_subnet.osos-pub1",
            "aws_subnet.osos-pv1",
            "aws_vpc.osos-vpc"
          ]
        }
      ]
    },
    {
      "mode": "managed",
      "type": "aws_route_table_association",
      "name": "pv2",
      "provider": "provider.aws",
      "instances": [
        {
          "schema_version": 0,
          "attributes": {
            "gateway_id": null,
            "id": "rtbassoc-0fbf2c1e6fe5b850a",
            "route_table_id": "rtb-055c4f53ec25a716e",
            "subnet_id": "subnet-0719c70b7c5552d0a"
          },
          "private": "bnVsbA==",
          "dependencies": [
            "aws_eip.nat",
            "aws_nat_gateway.nat",
            "aws_route_table.private",
            "aws_subnet.osos-pub1",
            "aws_subnet.osos-pv2",
            "aws_vpc.osos-vpc"
          ]
        }
      ]
    },
    {
      "mode": "managed",
      "type": "aws_security_group",
      "name": "eks",
      "provider": "provider.aws",
      "instances": [
        {
          "schema_version": 1,
          "attributes": {
            "arn": "arn:aws:ec2:us-west-1:838207118309:security-group/sg-05785f53825d2da78",
            "description": "Allow HTTP traffic from anywhere",
            "egress": [
              {
                "cidr_blocks": [
                  "0.0.0.0/0"
                ],
                "description": "",
                "from_port": 0,
                "ipv6_cidr_blocks": [],
                "prefix_list_ids": [],
                "protocol": "-1",
                "security_groups": [],
                "self": false,
                "to_port": 0
              }
            ],
            "id": "sg-05785f53825d2da78",
            "ingress": [
              {
                "cidr_blocks": [
                  "0.0.0.0/0"
                ],
                "description": "",
                "from_port": 22,
                "ipv6_cidr_blocks": [],
                "prefix_list_ids": [],
                "protocol": "tcp",
                "security_groups": [],
                "self": false,
                "to_port": 22
              },
              {
                "cidr_blocks": [
                  "0.0.0.0/0"
                ],
                "description": "",
                "from_port": 443,
                "ipv6_cidr_blocks": [],
                "prefix_list_ids": [],
                "protocol": "tcp",
                "security_groups": [],
                "self": false,
                "to_port": 443
              },
              {
                "cidr_blocks": [
                  "0.0.0.0/0"
                ],
                "description": "",
                "from_port": 80,
                "ipv6_cidr_blocks": [],
                "prefix_list_ids": [],
                "protocol": "tcp",
                "security_groups": [],
                "self": false,
                "to_port": 80
              }
            ],
            "name": "eks-sec-group",
            "name_prefix": "",
            "owner_id": "838207118309",
            "revoke_rules_on_delete": false,
            "tags": null,
            "timeouts": null,
            "vpc_id": "vpc-0110ccb60ca2d0a46"
          },
          "private": "eyJlMmJmYjczMC1lY2FhLTExZTYtOGY4OC0zNDM2M2JjN2M0YzAiOnsiY3JlYXRlIjo2MDAwMDAwMDAwMDAsImRlbGV0ZSI6OTAwMDAwMDAwMDAwfSwic2NoZW1hX3ZlcnNpb24iOiIxIn0=",
          "dependencies": [
            "aws_vpc.osos-vpc"
          ]
        }
      ]
    },
    {
      "mode": "managed",
      "type": "aws_subnet",
      "name": "osos-pub1",
      "provider": "provider.aws",
      "instances": [
        {
          "schema_version": 1,
          "attributes": {
            "arn": "arn:aws:ec2:us-west-1:838207118309:subnet/subnet-060737cd8d4cbc25d",
            "assign_ipv6_address_on_creation": false,
            "availability_zone": "us-west-1a",
            "availability_zone_id": "usw1-az1",
            "cidr_block": "10.0.0.0/24",
            "customer_owned_ipv4_pool": "",
            "id": "subnet-060737cd8d4cbc25d",
            "ipv6_cidr_block": "",
            "ipv6_cidr_block_association_id": "",
            "map_customer_owned_ip_on_launch": false,
            "map_public_ip_on_launch": true,
            "outpost_arn": "",
            "owner_id": "838207118309",
            "tags": {
              "Name": "public-sub1",
              "kubernetes.io/cluster/osos-eks-cluster": "owned",
              "kubernetes.io/role/internal-elb": "1"
            },
            "tags_all": {
              "Name": "public-sub1",
              "kubernetes.io/cluster/osos-eks-cluster": "owned",
              "kubernetes.io/role/internal-elb": "1"
            },
            "timeouts": null,
            "vpc_id": "vpc-0110ccb60ca2d0a46"
          },
          "dependencies": [
            "aws_vpc.osos-vpc"
          ]
        }
      ]
    },
    {
      "mode": "managed",
      "type": "aws_subnet",
      "name": "osos-pub2",
      "provider": "provider.aws",
      "instances": [
        {
          "schema_version": 1,
          "attributes": {
            "arn": "arn:aws:ec2:us-west-1:838207118309:subnet/subnet-012a465587ba9ddc7",
            "assign_ipv6_address_on_creation": false,
            "availability_zone": "us-west-1c",
            "availability_zone_id": "usw1-az3",
            "cidr_block": "10.0.3.0/24",
            "customer_owned_ipv4_pool": "",
            "id": "subnet-012a465587ba9ddc7",
            "ipv6_cidr_block": "",
            "ipv6_cidr_block_association_id": "",
            "map_customer_owned_ip_on_launch": false,
            "map_public_ip_on_launch": true,
            "outpost_arn": "",
            "owner_id": "838207118309",
            "tags": {
              "Name": "public-sub2",
              "kubernetes.io/cluster/osos-eks-cluster": "owned",
              "kubernetes.io/role/internal-elb": "1"
            },
            "tags_all": {
              "Name": "public-sub2",
              "kubernetes.io/cluster/osos-eks-cluster": "owned",
              "kubernetes.io/role/internal-elb": "1"
            },
            "timeouts": null,
            "vpc_id": "vpc-0110ccb60ca2d0a46"
          },
          "dependencies": [
            "aws_vpc.osos-vpc"
          ]
        }
      ]
    },
    {
      "mode": "managed",
      "type": "aws_subnet",
      "name": "osos-pv1",
      "provider": "provider.aws",
      "instances": [
        {
          "schema_version": 1,
          "attributes": {
            "arn": "arn:aws:ec2:us-west-1:838207118309:subnet/subnet-01ef1eb919e244c2e",
            "assign_ipv6_address_on_creation": false,
            "availability_zone": "us-west-1a",
            "availability_zone_id": "usw1-az1",
            "cidr_block": "10.0.1.0/24",
            "customer_owned_ipv4_pool": "",
            "id": "subnet-01ef1eb919e244c2e",
            "ipv6_cidr_block": "",
            "ipv6_cidr_block_association_id": "",
            "map_customer_owned_ip_on_launch": false,
            "map_public_ip_on_launch": false,
            "outpost_arn": "",
            "owner_id": "838207118309",
            "tags": {
              "Name": "private-sub1",
              "kubernetes.io/cluster/osos-eks-cluster": "owned",
              "kubernetes.io/role/internal-elb": "1"
            },
            "tags_all": {
              "Name": "private-sub1",
              "kubernetes.io/cluster/osos-eks-cluster": "owned",
              "kubernetes.io/role/internal-elb": "1"
            },
            "timeouts": null,
            "vpc_id": "vpc-0110ccb60ca2d0a46"
          },
          "private": "eyJlMmJmYjczMC1lY2FhLTExZTYtOGY4OC0zNDM2M2JjN2M0YzAiOnsiY3JlYXRlIjo2MDAwMDAwMDAwMDAsImRlbGV0ZSI6MTIwMDAwMDAwMDAwMH0sInNjaGVtYV92ZXJzaW9uIjoiMSJ9",
          "dependencies": [
            "aws_vpc.osos-vpc"
          ]
        }
      ]
    },
    {
      "mode": "managed",
      "type": "aws_subnet",
      "name": "osos-pv2",
      "provider": "provider.aws",
      "instances": [
        {
          "schema_version": 1,
          "attributes": {
            "arn": "arn:aws:ec2:us-west-1:838207118309:subnet/subnet-0719c70b7c5552d0a",
            "assign_ipv6_address_on_creation": false,
            "availability_zone": "us-west-1c",
            "availability_zone_id": "usw1-az3",
            "cidr_block": "10.0.2.0/24",
            "customer_owned_ipv4_pool": "",
            "id": "subnet-0719c70b7c5552d0a",
            "ipv6_cidr_block": "",
            "ipv6_cidr_block_association_id": "",
            "map_customer_owned_ip_on_launch": false,
            "map_public_ip_on_launch": false,
            "outpost_arn": "",
            "owner_id": "838207118309",
            "tags": {
              "Name": "private-sub2",
              "kubernetes.io/cluster/osos-eks-cluster": "owned",
              "kubernetes.io/role/internal-elb": "1"
            },
            "tags_all": {
              "Name": "private-sub2",
              "kubernetes.io/cluster/osos-eks-cluster": "owned",
              "kubernetes.io/role/internal-elb": "1"
            },
            "timeouts": null,
            "vpc_id": "vpc-0110ccb60ca2d0a46"
          },
          "private": "eyJlMmJmYjczMC1lY2FhLTExZTYtOGY4OC0zNDM2M2JjN2M0YzAiOnsiY3JlYXRlIjo2MDAwMDAwMDAwMDAsImRlbGV0ZSI6MTIwMDAwMDAwMDAwMH0sInNjaGVtYV92ZXJzaW9uIjoiMSJ9",
          "dependencies": [
            "aws_vpc.osos-vpc"
          ]
        }
      ]
    },
    {
      "mode": "managed",
      "type": "aws_vpc",
      "name": "osos-vpc",
      "provider": "provider.aws",
      "instances": [
        {
          "schema_version": 1,
          "attributes": {
            "arn": "arn:aws:ec2:us-west-1:838207118309:vpc/vpc-0110ccb60ca2d0a46",
            "assign_generated_ipv6_cidr_block": false,
            "cidr_block": "10.0.0.0/16",
            "default_network_acl_id": "acl-018f123056e0a0baa",
            "default_route_table_id": "rtb-0261204029c8bbf62",
            "default_security_group_id": "sg-0aa94e814f60ec8a9",
            "dhcp_options_id": "dopt-0123993d877706532",
            "enable_classiclink": false,
            "enable_classiclink_dns_support": false,
            "enable_dns_hostnames": false,
            "enable_dns_support": true,
            "id": "vpc-0110ccb60ca2d0a46",
            "instance_tenancy": "default",
            "ipv6_association_id": "",
            "ipv6_cidr_block": "",
            "main_route_table_id": "rtb-0261204029c8bbf62",
            "owner_id": "838207118309",
            "tags": {
              "Name": "osos-vpc"
            },
            "tags_all": {
              "Name": "osos-vpc"
            }
          },
          "private": "eyJzY2hlbWFfdmVyc2lvbiI6IjEifQ=="
        }
      ]
    }
  ]
}
