{
  "version": 4,
  "terraform_version": "0.12.18",
  "serial": 171,
  "lineage": "9b0e8cac-42a0-489d-e93b-5755bea8f77f",
  "outputs": {},
  "resources": [
    {
      "mode": "managed",
      "type": "aws_internet_gateway",
      "name": "os-gw",
      "provider": "provider.aws",
      "instances": [
        {
          "schema_version": 0,
          "attributes": {
            "arn": "arn:aws:ec2:us-west-1:838207118309:internet-gateway/igw-029d52d7cb80c2cfa",
            "id": "igw-029d52d7cb80c2cfa",
            "owner_id": "838207118309",
            "tags": {
              "Name": "eks-gw"
            },
            "vpc_id": "vpc-0110ccb60ca2d0a46"
          }
        }
      ]
    },
    {
      "mode": "managed",
      "type": "aws_subnet",
      "name": "osos-pub1",
      "provider": "provider.aws",
      "instances": [
        {
          "schema_version": 1,
          "attributes": {
            "arn": "arn:aws:ec2:us-west-1:838207118309:subnet/subnet-060737cd8d4cbc25d",
            "assign_ipv6_address_on_creation": false,
            "availability_zone": "us-west-1a",
            "availability_zone_id": "usw1-az1",
            "cidr_block": "10.0.0.0/24",
            "customer_owned_ipv4_pool": "",
            "id": "subnet-060737cd8d4cbc25d",
            "ipv6_cidr_block": "",
            "ipv6_cidr_block_association_id": "",
            "map_customer_owned_ip_on_launch": false,
            "map_public_ip_on_launch": true,
            "outpost_arn": "",
            "owner_id": "838207118309",
            "tags": {
              "Name": "public-sub1",
              "kubernetes.io/cluster/osos-eks-cluster": "owned",
              "kubernetes.io/role/internal-elb": "1"
            },
            "tags_all": {
              "Name": "public-sub1",
              "kubernetes.io/cluster/osos-eks-cluster": "owned",
              "kubernetes.io/role/internal-elb": "1"
            },
            "timeouts": null,
            "vpc_id": "vpc-0110ccb60ca2d0a46"
          }
        }
      ]
    },
    {
      "mode": "managed",
      "type": "aws_subnet",
      "name": "osos-pub2",
      "provider": "provider.aws",
      "instances": [
        {
          "schema_version": 1,
          "attributes": {
            "arn": "arn:aws:ec2:us-west-1:838207118309:subnet/subnet-012a465587ba9ddc7",
            "assign_ipv6_address_on_creation": false,
            "availability_zone": "us-west-1c",
            "availability_zone_id": "usw1-az3",
            "cidr_block": "10.0.3.0/24",
            "customer_owned_ipv4_pool": "",
            "id": "subnet-012a465587ba9ddc7",
            "ipv6_cidr_block": "",
            "ipv6_cidr_block_association_id": "",
            "map_customer_owned_ip_on_launch": false,
            "map_public_ip_on_launch": true,
            "outpost_arn": "",
            "owner_id": "838207118309",
            "tags": {
              "Name": "public-sub2",
              "kubernetes.io/cluster/osos-eks-cluster": "owned",
              "kubernetes.io/role/internal-elb": "1"
            },
            "tags_all": {
              "Name": "public-sub2",
              "kubernetes.io/cluster/osos-eks-cluster": "owned",
              "kubernetes.io/role/internal-elb": "1"
            },
            "timeouts": null,
            "vpc_id": "vpc-0110ccb60ca2d0a46"
          }
        }
      ]
    },
    {
      "mode": "managed",
      "type": "aws_vpc",
      "name": "osos-vpc",
      "provider": "provider.aws",
      "instances": [
        {
          "schema_version": 1,
          "attributes": {
            "arn": "arn:aws:ec2:us-west-1:838207118309:vpc/vpc-0110ccb60ca2d0a46",
            "assign_generated_ipv6_cidr_block": false,
            "cidr_block": "10.0.0.0/16",
            "default_network_acl_id": "acl-018f123056e0a0baa",
            "default_route_table_id": "rtb-0261204029c8bbf62",
            "default_security_group_id": "sg-0aa94e814f60ec8a9",
            "dhcp_options_id": "dopt-0123993d877706532",
            "enable_classiclink": false,
            "enable_classiclink_dns_support": false,
            "enable_dns_hostnames": false,
            "enable_dns_support": true,
            "id": "vpc-0110ccb60ca2d0a46",
            "instance_tenancy": "default",
            "ipv6_association_id": "",
            "ipv6_cidr_block": "",
            "main_route_table_id": "rtb-0261204029c8bbf62",
            "owner_id": "838207118309",
            "tags": {
              "Name": "osos-vpc"
            },
            "tags_all": {
              "Name": "osos-vpc"
            }
          },
          "private": "eyJzY2hlbWFfdmVyc2lvbiI6IjEifQ=="
        }
      ]
    }
  ]
}
